
Microsoft Visual Studio Solution File, Format Version 12.00
# Visual Studio Version 17
VisualStudioVersion = 17.4.33122.133
MinimumVisualStudioVersion = 10.0.40219.1
Project("{FAE04EC0-301F-11D3-BF4B-00C04F79EFBC}") = "ehs-API", "ehs-API\ehs-API.csproj", "{36844789-597C-4DC2-BEE7-D731B63A4D8B}"
EndProject
Global
	GlobalSection(SolutionConfigurationPlatforms) = preSolution
		Debug|Any CPU = Debug|Any CPU
		Release|Any CPU = Release|Any CPU
	EndGlobalSection
	GlobalSection(ProjectConfigurationPlatforms) = postSolution
		{36844789-597C-4DC2-BEE7-D731B63A4D8B}.Debug|Any CPU.ActiveCfg = Debug|Any CPU
		{36844789-597C-4DC2-BEE7-D731B63A4D8B}.Debug|Any CPU.Build.0 = Debug|Any CPU
		{36844789-597C-4DC2-BEE7-D731B63A4D8B}.Release|Any CPU.ActiveCfg = Release|Any CPU
		{36844789-597C-4DC2-BEE7-D731B63A4D8B}.Release|Any CPU.Build.0 = Release|Any CPU
	EndGlobalSection
	GlobalSection(SolutionProperties) = preSolution
		HideSolutionNode = FALSE
	EndGlobalSection
	GlobalSection(ExtensibilityGlobals) = postSolution
		SolutionGuid = {E3E5533C-B88C-44F3-A80F-F1B4DF3F4370}
	EndGlobalSection
EndGlobal
